// !$*UTF8*$!
{
	archiveVersion = 1;
	classes = {
	};
	objectVersion = 46;
	objects = {

/* Begin PBXBuildFile section */
		1F1FBBA81BB2148A005A3211 /* VAPDataArrayObserver.m in Sources */ = {isa = PBXBuildFile; fileRef = 1F1FBBA71BB2148A005A3211 /* VAPDataArrayObserver.m */; };
		1F3935BE1BAA118600D5D95E /* main.m in Sources */ = {isa = PBXBuildFile; fileRef = 1F3935BD1BAA118600D5D95E /* main.m */; };
		1F3935C11BAA118600D5D95E /* VAPAppDelegate.m in Sources */ = {isa = PBXBuildFile; fileRef = 1F3935C01BAA118600D5D95E /* VAPAppDelegate.m */; };
		1F3935D81BAA118600D5D95E /* Task2Tests.m in Sources */ = {isa = PBXBuildFile; fileRef = 1F3935D71BAA118600D5D95E /* Task2Tests.m */; };
		1F4898911BB5D17A00D7BAAF /* VAPChangesModel.m in Sources */ = {isa = PBXBuildFile; fileRef = 1F4898901BB5D17A00D7BAAF /* VAPChangesModel.m */; };
		1F74DF1B1BB33AFE003DCE79 /* VAPModelChanges.m in Sources */ = {isa = PBXBuildFile; fileRef = 1F74DF1A1BB33AFE003DCE79 /* VAPModelChanges.m */; };
		1FE38ECC1BADCE9E00CC5B57 /* NSString+VAPRandomString.m in Sources */ = {isa = PBXBuildFile; fileRef = 1FE38EBC1BADCE9E00CC5B57 /* NSString+VAPRandomString.m */; };
		1FE38ECD1BADCE9E00CC5B57 /* UIViewController+VAPExtensions.m in Sources */ = {isa = PBXBuildFile; fileRef = 1FE38EBF1BADCE9E00CC5B57 /* UIViewController+VAPExtensions.m */; };
		1FE38ECE1BADCE9E00CC5B57 /* UIWindow+VAPExtensions.m in Sources */ = {isa = PBXBuildFile; fileRef = 1FE38EC21BADCE9E00CC5B57 /* UIWindow+VAPExtensions.m */; };
		1FE38ED71BADCEA500CC5B57 /* LaunchScreen.xib in Resources */ = {isa = PBXBuildFile; fileRef = 1FE38ED31BADCEA500CC5B57 /* LaunchScreen.xib */; };
		1FE38ED81BADCEA500CC5B57 /* IDPStudyPlan in Resources */ = {isa = PBXBuildFile; fileRef = 1FE38ED51BADCEA500CC5B57 /* IDPStudyPlan */; };
		1FE38ED91BADCEA500CC5B57 /* Images.xcassets in Resources */ = {isa = PBXBuildFile; fileRef = 1FE38ED61BADCEA500CC5B57 /* Images.xcassets */; };
		1FE38EF41BADE9A600CC5B57 /* VAPObservable.m in Sources */ = {isa = PBXBuildFile; fileRef = 1FE38EF31BADE9A600CC5B57 /* VAPObservable.m */; };
		1FE38EFA1BADF73A00CC5B57 /* VAPRandomStringViewController.m in Sources */ = {isa = PBXBuildFile; fileRef = 1FE38EF81BADF73A00CC5B57 /* VAPRandomStringViewController.m */; };
		1FE38EFB1BADF73A00CC5B57 /* VAPRandomStringViewController.xib in Resources */ = {isa = PBXBuildFile; fileRef = 1FE38EF91BADF73A00CC5B57 /* VAPRandomStringViewController.xib */; };
		1FE38EFE1BADF75900CC5B57 /* VAPRandomStringView.m in Sources */ = {isa = PBXBuildFile; fileRef = 1FE38EFD1BADF75900CC5B57 /* VAPRandomStringView.m */; };
		1FE38F051BAEC18D00CC5B57 /* VAPRandomStringCell.m in Sources */ = {isa = PBXBuildFile; fileRef = 1FE38F031BAEC18D00CC5B57 /* VAPRandomStringCell.m */; };
		1FE38F061BAEC18D00CC5B57 /* VAPRandomStringCell.xib in Resources */ = {isa = PBXBuildFile; fileRef = 1FE38F041BAEC18D00CC5B57 /* VAPRandomStringCell.xib */; };
		1FE38F091BAEE79100CC5B57 /* Slowpoke.png in Resources */ = {isa = PBXBuildFile; fileRef = 1FE38F081BAEE79100CC5B57 /* Slowpoke.png */; };
		1FE38F101BAF13B300CC5B57 /* VAPData.m in Sources */ = {isa = PBXBuildFile; fileRef = 1FE38F0F1BAF13B300CC5B57 /* VAPData.m */; };
		1FE38F131BAF1BCA00CC5B57 /* VAPDataArray.m in Sources */ = {isa = PBXBuildFile; fileRef = 1FE38F121BAF1BCA00CC5B57 /* VAPDataArray.m */; };
/* End PBXBuildFile section */

/* Begin PBXContainerItemProxy section */
		1F3935D21BAA118600D5D95E /* PBXContainerItemProxy */ = {
			isa = PBXContainerItemProxy;
			containerPortal = 1F3935B01BAA118600D5D95E /* Project object */;
			proxyType = 1;
			remoteGlobalIDString = 1F3935B71BAA118600D5D95E;
			remoteInfo = Task2;
		};
/* End PBXContainerItemProxy section */

/* Begin PBXFileReference section */
		1F1FBBA71BB2148A005A3211 /* VAPDataArrayObserver.m */ = {isa = PBXFileReference; fileEncoding = 4; lastKnownFileType = sourcecode.c.objc; path = VAPDataArrayObserver.m; sourceTree = "<group>"; };
		1F3935B81BAA118600D5D95E /* Task2.app */ = {isa = PBXFileReference; explicitFileType = wrapper.application; includeInIndex = 0; path = Task2.app; sourceTree = BUILT_PRODUCTS_DIR; };
		1F3935BC1BAA118600D5D95E /* Info.plist */ = {isa = PBXFileReference; lastKnownFileType = text.plist.xml; path = Info.plist; sourceTree = "<group>"; };
		1F3935BD1BAA118600D5D95E /* main.m */ = {isa = PBXFileReference; lastKnownFileType = sourcecode.c.objc; path = main.m; sourceTree = "<group>"; };
		1F3935BF1BAA118600D5D95E /* VAPAppDelegate.h */ = {isa = PBXFileReference; lastKnownFileType = sourcecode.c.h; path = VAPAppDelegate.h; sourceTree = "<group>"; };
		1F3935C01BAA118600D5D95E /* VAPAppDelegate.m */ = {isa = PBXFileReference; lastKnownFileType = sourcecode.c.objc; path = VAPAppDelegate.m; sourceTree = "<group>"; };
		1F3935D11BAA118600D5D95E /* Task2Tests.xctest */ = {isa = PBXFileReference; explicitFileType = wrapper.cfbundle; includeInIndex = 0; path = Task2Tests.xctest; sourceTree = BUILT_PRODUCTS_DIR; };
		1F3935D61BAA118600D5D95E /* Info.plist */ = {isa = PBXFileReference; lastKnownFileType = text.plist.xml; path = Info.plist; sourceTree = "<group>"; };
		1F3935D71BAA118600D5D95E /* Task2Tests.m */ = {isa = PBXFileReference; lastKnownFileType = sourcecode.c.objc; path = Task2Tests.m; sourceTree = "<group>"; };
		1F48988F1BB5D17A00D7BAAF /* VAPChangesModel.h */ = {isa = PBXFileReference; fileEncoding = 4; lastKnownFileType = sourcecode.c.h; path = VAPChangesModel.h; sourceTree = "<group>"; };
		1F4898901BB5D17A00D7BAAF /* VAPChangesModel.m */ = {isa = PBXFileReference; fileEncoding = 4; lastKnownFileType = sourcecode.c.objc; path = VAPChangesModel.m; sourceTree = "<group>"; };
		1F5922511BB2029500DBFA4E /* VAPDataArrayObserver.h */ = {isa = PBXFileReference; fileEncoding = 4; lastKnownFileType = sourcecode.c.h; path = VAPDataArrayObserver.h; sourceTree = "<group>"; };
		1F74DF191BB33AFE003DCE79 /* VAPModelChanges.h */ = {isa = PBXFileReference; fileEncoding = 4; lastKnownFileType = sourcecode.c.h; path = VAPModelChanges.h; sourceTree = "<group>"; };
		1F74DF1A1BB33AFE003DCE79 /* VAPModelChanges.m */ = {isa = PBXFileReference; fileEncoding = 4; lastKnownFileType = sourcecode.c.objc; path = VAPModelChanges.m; sourceTree = "<group>"; };
		1FE38EBB1BADCE9E00CC5B57 /* NSString+VAPRandomString.h */ = {isa = PBXFileReference; fileEncoding = 4; lastKnownFileType = sourcecode.c.h; path = "NSString+VAPRandomString.h"; sourceTree = "<group>"; };
		1FE38EBC1BADCE9E00CC5B57 /* NSString+VAPRandomString.m */ = {isa = PBXFileReference; fileEncoding = 4; lastKnownFileType = sourcecode.c.objc; path = "NSString+VAPRandomString.m"; sourceTree = "<group>"; };
		1FE38EBE1BADCE9E00CC5B57 /* UIViewController+VAPExtensions.h */ = {isa = PBXFileReference; fileEncoding = 4; lastKnownFileType = sourcecode.c.h; path = "UIViewController+VAPExtensions.h"; sourceTree = "<group>"; };
		1FE38EBF1BADCE9E00CC5B57 /* UIViewController+VAPExtensions.m */ = {isa = PBXFileReference; fileEncoding = 4; lastKnownFileType = sourcecode.c.objc; path = "UIViewController+VAPExtensions.m"; sourceTree = "<group>"; };
		1FE38EC11BADCE9E00CC5B57 /* UIWindow+VAPExtensions.h */ = {isa = PBXFileReference; fileEncoding = 4; lastKnownFileType = sourcecode.c.h; path = "UIWindow+VAPExtensions.h"; sourceTree = "<group>"; };
		1FE38EC21BADCE9E00CC5B57 /* UIWindow+VAPExtensions.m */ = {isa = PBXFileReference; fileEncoding = 4; lastKnownFileType = sourcecode.c.objc; path = "UIWindow+VAPExtensions.m"; sourceTree = "<group>"; };
		1FE38EC41BADCE9E00CC5B57 /* VAPMacros.h */ = {isa = PBXFileReference; fileEncoding = 4; lastKnownFileType = sourcecode.c.h; path = VAPMacros.h; sourceTree = "<group>"; };
		1FE38ED41BADCEA500CC5B57 /* Base */ = {isa = PBXFileReference; lastKnownFileType = file.xib; name = Base; path = Base.lproj/LaunchScreen.xib; sourceTree = "<group>"; };
		1FE38ED51BADCEA500CC5B57 /* IDPStudyPlan */ = {isa = PBXFileReference; fileEncoding = 4; lastKnownFileType = text; path = IDPStudyPlan; sourceTree = "<group>"; };
		1FE38ED61BADCEA500CC5B57 /* Images.xcassets */ = {isa = PBXFileReference; lastKnownFileType = folder.assetcatalog; path = Images.xcassets; sourceTree = "<group>"; };
		1FE38EF21BADE9A600CC5B57 /* VAPObservable.h */ = {isa = PBXFileReference; fileEncoding = 4; lastKnownFileType = sourcecode.c.h; path = VAPObservable.h; sourceTree = "<group>"; };
		1FE38EF31BADE9A600CC5B57 /* VAPObservable.m */ = {isa = PBXFileReference; fileEncoding = 4; lastKnownFileType = sourcecode.c.objc; path = VAPObservable.m; sourceTree = "<group>"; };
		1FE38EF71BADF73A00CC5B57 /* VAPRandomStringViewController.h */ = {isa = PBXFileReference; fileEncoding = 4; lastKnownFileType = sourcecode.c.h; path = VAPRandomStringViewController.h; sourceTree = "<group>"; };
		1FE38EF81BADF73A00CC5B57 /* VAPRandomStringViewController.m */ = {isa = PBXFileReference; fileEncoding = 4; lastKnownFileType = sourcecode.c.objc; path = VAPRandomStringViewController.m; sourceTree = "<group>"; };
		1FE38EF91BADF73A00CC5B57 /* VAPRandomStringViewController.xib */ = {isa = PBXFileReference; fileEncoding = 4; lastKnownFileType = file.xib; path = VAPRandomStringViewController.xib; sourceTree = "<group>"; };
		1FE38EFC1BADF75900CC5B57 /* VAPRandomStringView.h */ = {isa = PBXFileReference; fileEncoding = 4; lastKnownFileType = sourcecode.c.h; path = VAPRandomStringView.h; sourceTree = "<group>"; };
		1FE38EFD1BADF75900CC5B57 /* VAPRandomStringView.m */ = {isa = PBXFileReference; fileEncoding = 4; lastKnownFileType = sourcecode.c.objc; path = VAPRandomStringView.m; sourceTree = "<group>"; };
		1FE38F021BAEC18D00CC5B57 /* VAPRandomStringCell.h */ = {isa = PBXFileReference; fileEncoding = 4; lastKnownFileType = sourcecode.c.h; path = VAPRandomStringCell.h; sourceTree = "<group>"; };
		1FE38F031BAEC18D00CC5B57 /* VAPRandomStringCell.m */ = {isa = PBXFileReference; fileEncoding = 4; lastKnownFileType = sourcecode.c.objc; path = VAPRandomStringCell.m; sourceTree = "<group>"; };
		1FE38F041BAEC18D00CC5B57 /* VAPRandomStringCell.xib */ = {isa = PBXFileReference; fileEncoding = 4; lastKnownFileType = file.xib; path = VAPRandomStringCell.xib; sourceTree = "<group>"; };
		1FE38F081BAEE79100CC5B57 /* Slowpoke.png */ = {isa = PBXFileReference; lastKnownFileType = image.png; path = Slowpoke.png; sourceTree = "<group>"; };
		1FE38F0E1BAF13B300CC5B57 /* VAPData.h */ = {isa = PBXFileReference; fileEncoding = 4; lastKnownFileType = sourcecode.c.h; path = VAPData.h; sourceTree = "<group>"; };
		1FE38F0F1BAF13B300CC5B57 /* VAPData.m */ = {isa = PBXFileReference; fileEncoding = 4; lastKnownFileType = sourcecode.c.objc; path = VAPData.m; sourceTree = "<group>"; };
		1FE38F111BAF1BCA00CC5B57 /* VAPDataArray.h */ = {isa = PBXFileReference; fileEncoding = 4; lastKnownFileType = sourcecode.c.h; path = VAPDataArray.h; sourceTree = "<group>"; };
		1FE38F121BAF1BCA00CC5B57 /* VAPDataArray.m */ = {isa = PBXFileReference; fileEncoding = 4; lastKnownFileType = sourcecode.c.objc; path = VAPDataArray.m; sourceTree = "<group>"; };
/* End PBXFileReference section */

/* Begin PBXFrameworksBuildPhase section */
		1F3935B51BAA118600D5D95E /* Frameworks */ = {
			isa = PBXFrameworksBuildPhase;
			buildActionMask = 2147483647;
			files = (
			);
			runOnlyForDeploymentPostprocessing = 0;
		};
		1F3935CE1BAA118600D5D95E /* Frameworks */ = {
			isa = PBXFrameworksBuildPhase;
			buildActionMask = 2147483647;
			files = (
			);
			runOnlyForDeploymentPostprocessing = 0;
		};
/* End PBXFrameworksBuildPhase section */

/* Begin PBXGroup section */
		1F3935AF1BAA118600D5D95E = {
			isa = PBXGroup;
			children = (
				1FE38ED21BADCEA500CC5B57 /* Resources */,
				1FE38EB71BADCE9E00CC5B57 /* Source */,
				1F3935BA1BAA118600D5D95E /* Task2 */,
				1F3935D41BAA118600D5D95E /* Task2Tests */,
				1F3935B91BAA118600D5D95E /* Products */,
			);
			sourceTree = "<group>";
		};
		1F3935B91BAA118600D5D95E /* Products */ = {
			isa = PBXGroup;
			children = (
				1F3935B81BAA118600D5D95E /* Task2.app */,
				1F3935D11BAA118600D5D95E /* Task2Tests.xctest */,
			);
			name = Products;
			sourceTree = "<group>";
		};
		1F3935BA1BAA118600D5D95E /* Task2 */ = {
			isa = PBXGroup;
			children = (
				1F3935BF1BAA118600D5D95E /* VAPAppDelegate.h */,
				1F3935C01BAA118600D5D95E /* VAPAppDelegate.m */,
				1F3935BB1BAA118600D5D95E /* Supporting Files */,
			);
			path = Task2;
			sourceTree = "<group>";
		};
		1F3935BB1BAA118600D5D95E /* Supporting Files */ = {
			isa = PBXGroup;
			children = (
				1F3935BC1BAA118600D5D95E /* Info.plist */,
				1F3935BD1BAA118600D5D95E /* main.m */,
			);
			name = "Supporting Files";
			sourceTree = "<group>";
		};
		1F3935D41BAA118600D5D95E /* Task2Tests */ = {
			isa = PBXGroup;
			children = (
				1F3935D71BAA118600D5D95E /* Task2Tests.m */,
				1F3935D51BAA118600D5D95E /* Supporting Files */,
			);
			path = Task2Tests;
			sourceTree = "<group>";
		};
		1F3935D51BAA118600D5D95E /* Supporting Files */ = {
			isa = PBXGroup;
			children = (
				1F3935D61BAA118600D5D95E /* Info.plist */,
			);
			name = "Supporting Files";
			sourceTree = "<group>";
		};
		1F48988E1BB5D12300D7BAAF /* VAPChangesModel */ = {
			isa = PBXGroup;
			children = (
				1F48988F1BB5D17A00D7BAAF /* VAPChangesModel.h */,
				1F4898901BB5D17A00D7BAAF /* VAPChangesModel.m */,
			);
			path = VAPChangesModel;
			sourceTree = "<group>";
		};
		1F74DF181BB337FF003DCE79 /* VAPModelChanges */ = {
			isa = PBXGroup;
			children = (
				1F74DF191BB33AFE003DCE79 /* VAPModelChanges.h */,
				1F74DF1A1BB33AFE003DCE79 /* VAPModelChanges.m */,
			);
			path = VAPModelChanges;
			sourceTree = "<group>";
		};
		1FE38EB71BADCE9E00CC5B57 /* Source */ = {
			isa = PBXGroup;
			children = (
				1FE38F001BAEB5A100CC5B57 /* Models */,
				1FE38EB81BADCE9E00CC5B57 /* Library */,
				1FE38EC51BADCE9E00CC5B57 /* UI */,
			);
			path = Source;
			sourceTree = "<group>";
		};
		1FE38EB81BADCE9E00CC5B57 /* Library */ = {
			isa = PBXGroup;
			children = (
				1FE38EF01BADE9A600CC5B57 /* Classes */,
				1FE38EB91BADCE9E00CC5B57 /* Categories */,
				1FE38EC31BADCE9E00CC5B57 /* VAPMacros */,
			);
			path = Library;
			sourceTree = "<group>";
		};
		1FE38EB91BADCE9E00CC5B57 /* Categories */ = {
			isa = PBXGroup;
			children = (
				1FE38EBA1BADCE9E00CC5B57 /* NSString+VAPRandomString */,
				1FE38EBD1BADCE9E00CC5B57 /* UIViewController+VAPExtensions */,
				1FE38EC01BADCE9E00CC5B57 /* UIWindow+VAPExtensions */,
			);
			path = Categories;
			sourceTree = "<group>";
		};
		1FE38EBA1BADCE9E00CC5B57 /* NSString+VAPRandomString */ = {
			isa = PBXGroup;
			children = (
				1FE38EBB1BADCE9E00CC5B57 /* NSString+VAPRandomString.h */,
				1FE38EBC1BADCE9E00CC5B57 /* NSString+VAPRandomString.m */,
			);
			path = "NSString+VAPRandomString";
			sourceTree = "<group>";
		};
		1FE38EBD1BADCE9E00CC5B57 /* UIViewController+VAPExtensions */ = {
			isa = PBXGroup;
			children = (
				1FE38EBE1BADCE9E00CC5B57 /* UIViewController+VAPExtensions.h */,
				1FE38EBF1BADCE9E00CC5B57 /* UIViewController+VAPExtensions.m */,
			);
			path = "UIViewController+VAPExtensions";
			sourceTree = "<group>";
		};
		1FE38EC01BADCE9E00CC5B57 /* UIWindow+VAPExtensions */ = {
			isa = PBXGroup;
			children = (
				1FE38EC11BADCE9E00CC5B57 /* UIWindow+VAPExtensions.h */,
				1FE38EC21BADCE9E00CC5B57 /* UIWindow+VAPExtensions.m */,
			);
			path = "UIWindow+VAPExtensions";
			sourceTree = "<group>";
		};
		1FE38EC31BADCE9E00CC5B57 /* VAPMacros */ = {
			isa = PBXGroup;
			children = (
				1FE38EC41BADCE9E00CC5B57 /* VAPMacros.h */,
			);
			path = VAPMacros;
			sourceTree = "<group>";
		};
		1FE38EC51BADCE9E00CC5B57 /* UI */ = {
			isa = PBXGroup;
			children = (
				1FE38EF61BADF6FB00CC5B57 /* VAPRandomStringViewController */,
			);
			path = UI;
			sourceTree = "<group>";
		};
		1FE38ED21BADCEA500CC5B57 /* Resources */ = {
			isa = PBXGroup;
			children = (
				1FE38F071BAEE76B00CC5B57 /* Images */,
				1FE38ED31BADCEA500CC5B57 /* LaunchScreen.xib */,
				1FE38ED51BADCEA500CC5B57 /* IDPStudyPlan */,
				1FE38ED61BADCEA500CC5B57 /* Images.xcassets */,
			);
			path = Resources;
			sourceTree = "<group>";
		};
		1FE38EF01BADE9A600CC5B57 /* Classes */ = {
			isa = PBXGroup;
			children = (
				1FE38EF11BADE9A600CC5B57 /* VAPObservable */,
			);
			path = Classes;
			sourceTree = "<group>";
		};
		1FE38EF11BADE9A600CC5B57 /* VAPObservable */ = {
			isa = PBXGroup;
			children = (
				1FE38EF21BADE9A600CC5B57 /* VAPObservable.h */,
				1FE38EF31BADE9A600CC5B57 /* VAPObservable.m */,
			);
			path = VAPObservable;
			sourceTree = "<group>";
		};
		1FE38EF61BADF6FB00CC5B57 /* VAPRandomStringViewController */ = {
			isa = PBXGroup;
			children = (
				1FE38F011BAEBCF700CC5B57 /* Views */,
				1FE38EF71BADF73A00CC5B57 /* VAPRandomStringViewController.h */,
				1FE38EF81BADF73A00CC5B57 /* VAPRandomStringViewController.m */,
				1FE38EF91BADF73A00CC5B57 /* VAPRandomStringViewController.xib */,
				1FE38EFC1BADF75900CC5B57 /* VAPRandomStringView.h */,
				1FE38EFD1BADF75900CC5B57 /* VAPRandomStringView.m */,
			);
			path = VAPRandomStringViewController;
			sourceTree = "<group>";
		};
		1FE38F001BAEB5A100CC5B57 /* Models */ = {
			isa = PBXGroup;
			children = (
				1F48988E1BB5D12300D7BAAF /* VAPChangesModel */,
				1F74DF181BB337FF003DCE79 /* VAPModelChanges */,
				1FE38F0C1BAF08D800CC5B57 /* VAPDataArray */,
				1FE38F0A1BAF08CD00CC5B57 /* VAPData */,
			);
			path = Models;
			sourceTree = "<group>";
		};
		1FE38F011BAEBCF700CC5B57 /* Views */ = {
			isa = PBXGroup;
			children = (
				1FE38F021BAEC18D00CC5B57 /* VAPRandomStringCell.h */,
				1FE38F031BAEC18D00CC5B57 /* VAPRandomStringCell.m */,
				1FE38F041BAEC18D00CC5B57 /* VAPRandomStringCell.xib */,
			);
			path = Views;
			sourceTree = "<group>";
		};
		1FE38F071BAEE76B00CC5B57 /* Images */ = {
			isa = PBXGroup;
			children = (
				1FE38F081BAEE79100CC5B57 /* Slowpoke.png */,
			);
			path = Images;
			sourceTree = "<group>";
		};
		1FE38F0A1BAF08CD00CC5B57 /* VAPData */ = {
			isa = PBXGroup;
			children = (
				1FE38F0E1BAF13B300CC5B57 /* VAPData.h */,
				1FE38F0F1BAF13B300CC5B57 /* VAPData.m */,
			);
			path = VAPData;
			sourceTree = "<group>";
		};
		1FE38F0C1BAF08D800CC5B57 /* VAPDataArray */ = {
			isa = PBXGroup;
			children = (
				1FE38F111BAF1BCA00CC5B57 /* VAPDataArray.h */,
				1FE38F121BAF1BCA00CC5B57 /* VAPDataArray.m */,
				1F5922511BB2029500DBFA4E /* VAPDataArrayObserver.h */,
				1F1FBBA71BB2148A005A3211 /* VAPDataArrayObserver.m */,
			);
			path = VAPDataArray;
			sourceTree = "<group>";
		};
/* End PBXGroup section */

/* Begin PBXNativeTarget section */
		1F3935B71BAA118600D5D95E /* Task2 */ = {
			isa = PBXNativeTarget;
			buildConfigurationList = 1F3935DB1BAA118600D5D95E /* Build configuration list for PBXNativeTarget "Task2" */;
			buildPhases = (
				1F3935B41BAA118600D5D95E /* Sources */,
				1F3935B51BAA118600D5D95E /* Frameworks */,
				1F3935B61BAA118600D5D95E /* Resources */,
			);
			buildRules = (
			);
			dependencies = (
			);
			name = Task2;
			productName = Task2;
			productReference = 1F3935B81BAA118600D5D95E /* Task2.app */;
			productType = "com.apple.product-type.application";
		};
		1F3935D01BAA118600D5D95E /* Task2Tests */ = {
			isa = PBXNativeTarget;
			buildConfigurationList = 1F3935DE1BAA118600D5D95E /* Build configuration list for PBXNativeTarget "Task2Tests" */;
			buildPhases = (
				1F3935CD1BAA118600D5D95E /* Sources */,
				1F3935CE1BAA118600D5D95E /* Frameworks */,
				1F3935CF1BAA118600D5D95E /* Resources */,
			);
			buildRules = (
			);
			dependencies = (
				1F3935D31BAA118600D5D95E /* PBXTargetDependency */,
			);
			name = Task2Tests;
			productName = Task2Tests;
			productReference = 1F3935D11BAA118600D5D95E /* Task2Tests.xctest */;
			productType = "com.apple.product-type.bundle.unit-test";
		};
/* End PBXNativeTarget section */

/* Begin PBXProject section */
		1F3935B01BAA118600D5D95E /* Project object */ = {
			isa = PBXProject;
			attributes = {
				CLASSPREFIX = VAP;
				LastUpgradeCheck = 0640;
				ORGANIZATIONNAME = "Aleksandr Vasylchenko";
				TargetAttributes = {
					1F3935B71BAA118600D5D95E = {
						CreatedOnToolsVersion = 6.4;
					};
					1F3935D01BAA118600D5D95E = {
						CreatedOnToolsVersion = 6.4;
						TestTargetID = 1F3935B71BAA118600D5D95E;
					};
				};
			};
			buildConfigurationList = 1F3935B31BAA118600D5D95E /* Build configuration list for PBXProject "Task2" */;
			compatibilityVersion = "Xcode 3.2";
			developmentRegion = English;
			hasScannedForEncodings = 0;
			knownRegions = (
				en,
				Base,
			);
			mainGroup = 1F3935AF1BAA118600D5D95E;
			productRefGroup = 1F3935B91BAA118600D5D95E /* Products */;
			projectDirPath = "";
			projectRoot = "";
			targets = (
				1F3935B71BAA118600D5D95E /* Task2 */,
				1F3935D01BAA118600D5D95E /* Task2Tests */,
			);
		};
/* End PBXProject section */

/* Begin PBXResourcesBuildPhase section */
		1F3935B61BAA118600D5D95E /* Resources */ = {
			isa = PBXResourcesBuildPhase;
			buildActionMask = 2147483647;
			files = (
				1FE38ED71BADCEA500CC5B57 /* LaunchScreen.xib in Resources */,
				1FE38F091BAEE79100CC5B57 /* Slowpoke.png in Resources */,
				1FE38ED81BADCEA500CC5B57 /* IDPStudyPlan in Resources */,
				1FE38ED91BADCEA500CC5B57 /* Images.xcassets in Resources */,
				1FE38F061BAEC18D00CC5B57 /* VAPRandomStringCell.xib in Resources */,
				1FE38EFB1BADF73A00CC5B57 /* VAPRandomStringViewController.xib in Resources */,
			);
			runOnlyForDeploymentPostprocessing = 0;
		};
		1F3935CF1BAA118600D5D95E /* Resources */ = {
			isa = PBXResourcesBuildPhase;
			buildActionMask = 2147483647;
			files = (
			);
			runOnlyForDeploymentPostprocessing = 0;
		};
/* End PBXResourcesBuildPhase section */

/* Begin PBXSourcesBuildPhase section */
		1F3935B41BAA118600D5D95E /* Sources */ = {
			isa = PBXSourcesBuildPhase;
			buildActionMask = 2147483647;
			files = (
				1F74DF1B1BB33AFE003DCE79 /* VAPModelChanges.m in Sources */,
				1FE38ECE1BADCE9E00CC5B57 /* UIWindow+VAPExtensions.m in Sources */,
				1FE38EFA1BADF73A00CC5B57 /* VAPRandomStringViewController.m in Sources */,
				1FE38EFE1BADF75900CC5B57 /* VAPRandomStringView.m in Sources */,
				1FE38F101BAF13B300CC5B57 /* VAPData.m in Sources */,
				1FE38ECD1BADCE9E00CC5B57 /* UIViewController+VAPExtensions.m in Sources */,
				1FE38ECC1BADCE9E00CC5B57 /* NSString+VAPRandomString.m in Sources */,
				1F3935C11BAA118600D5D95E /* VAPAppDelegate.m in Sources */,
				1FE38EF41BADE9A600CC5B57 /* VAPObservable.m in Sources */,
				1FE38F051BAEC18D00CC5B57 /* VAPRandomStringCell.m in Sources */,
				1F1FBBA81BB2148A005A3211 /* VAPDataArrayObserver.m in Sources */,
				1F3935BE1BAA118600D5D95E /* main.m in Sources */,
				1FE38F131BAF1BCA00CC5B57 /* VAPDataArray.m in Sources */,
				1F4898911BB5D17A00D7BAAF /* VAPChangesModel.m in Sources */,
			);
			runOnlyForDeploymentPostprocessing = 0;
		};
		1F3935CD1BAA118600D5D95E /* Sources */ = {
			isa = PBXSourcesBuildPhase;
			buildActionMask = 2147483647;
			files = (
				1F3935D81BAA118600D5D95E /* Task2Tests.m in Sources */,
			);
			runOnlyForDeploymentPostprocessing = 0;
		};
/* End PBXSourcesBuildPhase section */

/* Begin PBXTargetDependency section */
		1F3935D31BAA118600D5D95E /* PBXTargetDependency */ = {
			isa = PBXTargetDependency;
			target = 1F3935B71BAA118600D5D95E /* Task2 */;
			targetProxy = 1F3935D21BAA118600D5D95E /* PBXContainerItemProxy */;
		};
/* End PBXTargetDependency section */

/* Begin PBXVariantGroup section */
		1FE38ED31BADCEA500CC5B57 /* LaunchScreen.xib */ = {
			isa = PBXVariantGroup;
			children = (
				1FE38ED41BADCEA500CC5B57 /* Base */,
			);
			name = LaunchScreen.xib;
			sourceTree = "<group>";
		};
/* End PBXVariantGroup section */

/* Begin XCBuildConfiguration section */
		1F3935D91BAA118600D5D95E /* Debug */ = {
			isa = XCBuildConfiguration;
			buildSettings = {
				ALWAYS_SEARCH_USER_PATHS = NO;
				CLANG_CXX_LANGUAGE_STANDARD = "gnu++0x";
				CLANG_CXX_LIBRARY = "libc++";
				CLANG_ENABLE_MODULES = YES;
				CLANG_ENABLE_OBJC_ARC = YES;
				CLANG_WARN_BOOL_CONVERSION = YES;
				CLANG_WARN_CONSTANT_CONVERSION = YES;
				CLANG_WARN_DIRECT_OBJC_ISA_USAGE = YES_ERROR;
				CLANG_WARN_EMPTY_BODY = YES;
				CLANG_WARN_ENUM_CONVERSION = YES;
				CLANG_WARN_INT_CONVERSION = YES;
				CLANG_WARN_OBJC_ROOT_CLASS = YES_ERROR;
				CLANG_WARN_UNREACHABLE_CODE = YES;
				CLANG_WARN__DUPLICATE_METHOD_MATCH = YES;
				"CODE_SIGN_IDENTITY[sdk=iphoneos*]" = "iPhone Developer";
				COPY_PHASE_STRIP = NO;
				DEBUG_INFORMATION_FORMAT = "dwarf-with-dsym";
				ENABLE_STRICT_OBJC_MSGSEND = YES;
				GCC_C_LANGUAGE_STANDARD = gnu99;
				GCC_DYNAMIC_NO_PIC = NO;
				GCC_NO_COMMON_BLOCKS = YES;
				GCC_OPTIMIZATION_LEVEL = 0;
				GCC_PREPROCESSOR_DEFINITIONS = (
					"DEBUG=1",
					"$(inherited)",
				);
				GCC_SYMBOLS_PRIVATE_EXTERN = NO;
				GCC_WARN_64_TO_32_BIT_CONVERSION = YES;
				GCC_WARN_ABOUT_RETURN_TYPE = YES_ERROR;
				GCC_WARN_UNDECLARED_SELECTOR = YES;
				GCC_WARN_UNINITIALIZED_AUTOS = YES_AGGRESSIVE;
				GCC_WARN_UNUSED_FUNCTION = YES;
				GCC_WARN_UNUSED_VARIABLE = YES;
				IPHONEOS_DEPLOYMENT_TARGET = 8.0;
				MTL_ENABLE_DEBUG_INFO = YES;
				ONLY_ACTIVE_ARCH = YES;
				SDKROOT = iphoneos;
			};
			name = Debug;
		};
		1F3935DA1BAA118600D5D95E /* Release */ = {
			isa = XCBuildConfiguration;
			buildSettings = {
				ALWAYS_SEARCH_USER_PATHS = NO;
				CLANG_CXX_LANGUAGE_STANDARD = "gnu++0x";
				CLANG_CXX_LIBRARY = "libc++";
				CLANG_ENABLE_MODULES = YES;
				CLANG_ENABLE_OBJC_ARC = YES;
				CLANG_WARN_BOOL_CONVERSION = YES;
				CLANG_WARN_CONSTANT_CONVERSION = YES;
				CLANG_WARN_DIRECT_OBJC_ISA_USAGE = YES_ERROR;
				CLANG_WARN_EMPTY_BODY = YES;
				CLANG_WARN_ENUM_CONVERSION = YES;
				CLANG_WARN_INT_CONVERSION = YES;
				CLANG_WARN_OBJC_ROOT_CLASS = YES_ERROR;
				CLANG_WARN_UNREACHABLE_CODE = YES;
				CLANG_WARN__DUPLICATE_METHOD_MATCH = YES;
				"CODE_SIGN_IDENTITY[sdk=iphoneos*]" = "iPhone Developer";
				COPY_PHASE_STRIP = NO;
				DEBUG_INFORMATION_FORMAT = "dwarf-with-dsym";
				ENABLE_NS_ASSERTIONS = NO;
				ENABLE_STRICT_OBJC_MSGSEND = YES;
				GCC_C_LANGUAGE_STANDARD = gnu99;
				GCC_NO_COMMON_BLOCKS = YES;
				GCC_WARN_64_TO_32_BIT_CONVERSION = YES;
				GCC_WARN_ABOUT_RETURN_TYPE = YES_ERROR;
				GCC_WARN_UNDECLARED_SELECTOR = YES;
				GCC_WARN_UNINITIALIZED_AUTOS = YES_AGGRESSIVE;
				GCC_WARN_UNUSED_FUNCTION = YES;
				GCC_WARN_UNUSED_VARIABLE = YES;
				IPHONEOS_DEPLOYMENT_TARGET = 8.0;
				MTL_ENABLE_DEBUG_INFO = NO;
				SDKROOT = iphoneos;
				VALIDATE_PRODUCT = YES;
			};
			name = Release;
		};
		1F3935DC1BAA118600D5D95E /* Debug */ = {
			isa = XCBuildConfiguration;
			buildSettings = {
				ASSETCATALOG_COMPILER_APPICON_NAME = AppIcon;
				INFOPLIST_FILE = Task2/Info.plist;
				LD_RUNPATH_SEARCH_PATHS = "$(inherited) @executable_path/Frameworks";
				PRODUCT_NAME = "$(TARGET_NAME)";
			};
			name = Debug;
		};
		1F3935DD1BAA118600D5D95E /* Release */ = {
			isa = XCBuildConfiguration;
			buildSettings = {
				ASSETCATALOG_COMPILER_APPICON_NAME = AppIcon;
				INFOPLIST_FILE = Task2/Info.plist;
				LD_RUNPATH_SEARCH_PATHS = "$(inherited) @executable_path/Frameworks";
				PRODUCT_NAME = "$(TARGET_NAME)";
			};
			name = Release;
		};
		1F3935DF1BAA118600D5D95E /* Debug */ = {
			isa = XCBuildConfiguration;
			buildSettings = {
				BUNDLE_LOADER = "$(TEST_HOST)";
				FRAMEWORK_SEARCH_PATHS = (
					"$(SDKROOT)/Developer/Library/Frameworks",
					"$(inherited)",
				);
				GCC_PREPROCESSOR_DEFINITIONS = (
					"DEBUG=1",
					"$(inherited)",
				);
				INFOPLIST_FILE = Task2Tests/Info.plist;
				LD_RUNPATH_SEARCH_PATHS = "$(inherited) @executable_path/Frameworks @loader_path/Frameworks";
				PRODUCT_NAME = "$(TARGET_NAME)";
				TEST_HOST = "$(BUILT_PRODUCTS_DIR)/Task2.app/Task2";
			};
			name = Debug;
		};
		1F3935E01BAA118600D5D95E /* Release */ = {
			isa = XCBuildConfiguration;
			buildSettings = {
				BUNDLE_LOADER = "$(TEST_HOST)";
				FRAMEWORK_SEARCH_PATHS = (
					"$(SDKROOT)/Developer/Library/Frameworks",
					"$(inherited)",
				);
				INFOPLIST_FILE = Task2Tests/Info.plist;
				LD_RUNPATH_SEARCH_PATHS = "$(inherited) @executable_path/Frameworks @loader_path/Frameworks";
				PRODUCT_NAME = "$(TARGET_NAME)";
				TEST_HOST = "$(BUILT_PRODUCTS_DIR)/Task2.app/Task2";
			};
			name = Release;
		};
/* End XCBuildConfiguration section */

/* Begin XCConfigurationList section */
		1F3935B31BAA118600D5D95E /* Build configuration list for PBXProject "Task2" */ = {
			isa = XCConfigurationList;
			buildConfigurations = (
				1F3935D91BAA118600D5D95E /* Debug */,
				1F3935DA1BAA118600D5D95E /* Release */,
			);
			defaultConfigurationIsVisible = 0;
			defaultConfigurationName = Release;
		};
		1F3935DB1BAA118600D5D95E /* Build configuration list for PBXNativeTarget "Task2" */ = {
			isa = XCConfigurationList;
			buildConfigurations = (
				1F3935DC1BAA118600D5D95E /* Debug */,
				1F3935DD1BAA118600D5D95E /* Release */,
			);
			defaultConfigurationIsVisible = 0;
			defaultConfigurationName = Release;
		};
		1F3935DE1BAA118600D5D95E /* Build configuration list for PBXNativeTarget "Task2Tests" */ = {
			isa = XCConfigurationList;
			buildConfigurations = (
				1F3935DF1BAA118600D5D95E /* Debug */,
				1F3935E01BAA118600D5D95E /* Release */,
			);
			defaultConfigurationIsVisible = 0;
			defaultConfigurationName = Release;
		};
/* End XCConfigurationList section */
	};
	rootObject = 1F3935B01BAA118600D5D95E /* Project object */;
}
