// !$*UTF8*$!
{
	archiveVersion = 1;
	classes = {
	};
	objectVersion = 46;
	objects = {

/* Begin PBXBuildFile section */
		1F89EE601B5FDEDF00CCF016 /* VAPTestTarget.m in Sources */ = {isa = PBXBuildFile; fileRef = 1F89EE5F1B5FDEDF00CCF016 /* VAPTestTarget.m */; };
		1FCF2D091B6CD57A00991B97 /* VAPAccountant.m in Sources */ = {isa = PBXBuildFile; fileRef = 1FCF2CDA1B6CD57900991B97 /* VAPAccountant.m */; };
		1FCF2D0A1B6CD57A00991B97 /* VAPCarwasher.m in Sources */ = {isa = PBXBuildFile; fileRef = 1FCF2CDD1B6CD57900991B97 /* VAPCarwasher.m */; };
		1FCF2D0B1B6CD57A00991B97 /* VAPDirector.m in Sources */ = {isa = PBXBuildFile; fileRef = 1FCF2CE01B6CD57900991B97 /* VAPDirector.m */; };
		1FCF2D0C1B6CD57A00991B97 /* VAPEmployee.m in Sources */ = {isa = PBXBuildFile; fileRef = 1FCF2CE21B6CD57900991B97 /* VAPEmployee.m */; };
		1FCF2D0D1B6CD57A00991B97 /* VAPEnterprise.m in Sources */ = {isa = PBXBuildFile; fileRef = 1FCF2CE51B6CD57900991B97 /* VAPEnterprise.m */; };
		1FCF2D111B6CD57A00991B97 /* NSObject+VAPExtension.m in Sources */ = {isa = PBXBuildFile; fileRef = 1FCF2CF41B6CD57900991B97 /* NSObject+VAPExtension.m */; };
		1FCF2D121B6CD57A00991B97 /* VAPHuman.m in Sources */ = {isa = PBXBuildFile; fileRef = 1FCF2CF71B6CD57900991B97 /* VAPHuman.m */; };
		1FCF2D131B6CD57A00991B97 /* VAPMan.m in Sources */ = {isa = PBXBuildFile; fileRef = 1FCF2CFA1B6CD57900991B97 /* VAPMan.m */; };
		1FCF2D141B6CD57A00991B97 /* VAPWoman.m in Sources */ = {isa = PBXBuildFile; fileRef = 1FCF2CFD1B6CD57A00991B97 /* VAPWoman.m */; };
		1FCF2D151B6CD57A00991B97 /* VAPCarwashTest.m in Sources */ = {isa = PBXBuildFile; fileRef = 1FCF2D021B6CD57A00991B97 /* VAPCarwashTest.m */; };
		1FCF2D161B6CD57A00991B97 /* VAPHumanTests.m in Sources */ = {isa = PBXBuildFile; fileRef = 1FCF2D041B6CD57A00991B97 /* VAPHumanTests.m */; };
		1FCF2D1E1B6D5B2100991B97 /* VAPCar.m in Sources */ = {isa = PBXBuildFile; fileRef = 1FCF2D1D1B6D5B2100991B97 /* VAPCar.m */; };
		1FCF2D201B6D5F5400991B97 /* main.m in Sources */ = {isa = PBXBuildFile; fileRef = 1FCF2D1F1B6D5F5400991B97 /* main.m */; };
		1FD7E1C11B6EB02700D18D28 /* VAPEnterprise.m in Sources */ = {isa = PBXBuildFile; fileRef = 1FCF2CE51B6CD57900991B97 /* VAPEnterprise.m */; settings = {COMPILER_FLAGS = "-fno-objc-arc"; }; };
		1FD7E1C21B6EB03000D18D28 /* VAPEmployee.m in Sources */ = {isa = PBXBuildFile; fileRef = 1FCF2CE21B6CD57900991B97 /* VAPEmployee.m */; settings = {COMPILER_FLAGS = "-fno-objc-arc"; }; };
		1FD7E1C31B6EB03300D18D28 /* VAPDirector.m in Sources */ = {isa = PBXBuildFile; fileRef = 1FCF2CE01B6CD57900991B97 /* VAPDirector.m */; settings = {COMPILER_FLAGS = "-fno-objc-arc"; }; };
		1FD7E1C41B6EB03600D18D28 /* VAPCarwasher.m in Sources */ = {isa = PBXBuildFile; fileRef = 1FCF2CDD1B6CD57900991B97 /* VAPCarwasher.m */; settings = {COMPILER_FLAGS = "-fno-objc-arc"; }; };
		1FD7E1C51B6EB03900D18D28 /* VAPAccountant.m in Sources */ = {isa = PBXBuildFile; fileRef = 1FCF2CDA1B6CD57900991B97 /* VAPAccountant.m */; settings = {COMPILER_FLAGS = "-fno-objc-arc"; }; };
		1FD7E1C61B6EB03E00D18D28 /* VAPCar.m in Sources */ = {isa = PBXBuildFile; fileRef = 1FCF2D1D1B6D5B2100991B97 /* VAPCar.m */; settings = {COMPILER_FLAGS = "-fno-objc-arc"; }; };
		1FD7E1C71B6EB2CC00D18D28 /* NSObject+VAPExtension.m in Sources */ = {isa = PBXBuildFile; fileRef = 1FCF2CF41B6CD57900991B97 /* NSObject+VAPExtension.m */; settings = {COMPILER_FLAGS = "-fno-objc-arc"; }; };
		C4426BC6DD4682EB4F22C624 /* libPods-VAPTestTarget.a in Frameworks */ = {isa = PBXBuildFile; fileRef = E8F6050426F419E263DAA600 /* libPods-VAPTestTarget.a */; settings = {ATTRIBUTES = (Required, ); }; };
/* End PBXBuildFile section */

/* Begin PBXCopyFilesBuildPhase section */
		1F5474D81B4AA5DC00157DE1 /* CopyFiles */ = {
			isa = PBXCopyFilesBuildPhase;
			buildActionMask = 2147483647;
			dstPath = /usr/share/man/man1/;
			dstSubfolderSpec = 0;
			files = (
			);
			runOnlyForDeploymentPostprocessing = 1;
		};
/* End PBXCopyFilesBuildPhase section */

/* Begin PBXFileReference section */
		1F5474DA1B4AA5DC00157DE1 /* VAPObjCCources */ = {isa = PBXFileReference; explicitFileType = "compiled.mach-o.executable"; includeInIndex = 0; path = VAPObjCCources; sourceTree = BUILT_PRODUCTS_DIR; };
		1F670B9F1B4BF71B003E17DB /* IDPStudyPlan */ = {isa = PBXFileReference; lastKnownFileType = text; name = IDPStudyPlan; path = ../../Users/aleksandr/Dropbox/IDPStudyPlan; sourceTree = "<group>"; };
		1F89EE5B1B5FDEDF00CCF016 /* VAPTestTarget.xctest */ = {isa = PBXFileReference; explicitFileType = wrapper.cfbundle; includeInIndex = 0; path = VAPTestTarget.xctest; sourceTree = BUILT_PRODUCTS_DIR; };
		1F89EE5E1B5FDEDF00CCF016 /* Info.plist */ = {isa = PBXFileReference; lastKnownFileType = text.plist.xml; path = Info.plist; sourceTree = "<group>"; };
		1F89EE5F1B5FDEDF00CCF016 /* VAPTestTarget.m */ = {isa = PBXFileReference; lastKnownFileType = sourcecode.c.objc; path = VAPTestTarget.m; sourceTree = "<group>"; };
		1FCF2CD51B6CD57900991B97 /* VAPCar.h */ = {isa = PBXFileReference; fileEncoding = 4; lastKnownFileType = sourcecode.c.h; path = VAPCar.h; sourceTree = "<group>"; };
		1FCF2CD91B6CD57900991B97 /* VAPAccountant.h */ = {isa = PBXFileReference; fileEncoding = 4; lastKnownFileType = sourcecode.c.h; path = VAPAccountant.h; sourceTree = "<group>"; };
		1FCF2CDA1B6CD57900991B97 /* VAPAccountant.m */ = {isa = PBXFileReference; fileEncoding = 4; lastKnownFileType = sourcecode.c.objc; path = VAPAccountant.m; sourceTree = "<group>"; };
		1FCF2CDC1B6CD57900991B97 /* VAPCarwasher.h */ = {isa = PBXFileReference; fileEncoding = 4; lastKnownFileType = sourcecode.c.h; path = VAPCarwasher.h; sourceTree = "<group>"; };
		1FCF2CDD1B6CD57900991B97 /* VAPCarwasher.m */ = {isa = PBXFileReference; fileEncoding = 4; lastKnownFileType = sourcecode.c.objc; path = VAPCarwasher.m; sourceTree = "<group>"; };
		1FCF2CDF1B6CD57900991B97 /* VAPDirector.h */ = {isa = PBXFileReference; fileEncoding = 4; lastKnownFileType = sourcecode.c.h; path = VAPDirector.h; sourceTree = "<group>"; };
		1FCF2CE01B6CD57900991B97 /* VAPDirector.m */ = {isa = PBXFileReference; fileEncoding = 4; lastKnownFileType = sourcecode.c.objc; path = VAPDirector.m; sourceTree = "<group>"; };
		1FCF2CE11B6CD57900991B97 /* VAPEmployee.h */ = {isa = PBXFileReference; fileEncoding = 4; lastKnownFileType = sourcecode.c.h; path = VAPEmployee.h; sourceTree = "<group>"; };
		1FCF2CE21B6CD57900991B97 /* VAPEmployee.m */ = {isa = PBXFileReference; fileEncoding = 4; lastKnownFileType = sourcecode.c.objc; path = VAPEmployee.m; sourceTree = "<group>"; };
		1FCF2CE41B6CD57900991B97 /* VAPEnterprise.h */ = {isa = PBXFileReference; fileEncoding = 4; lastKnownFileType = sourcecode.c.h; path = VAPEnterprise.h; sourceTree = "<group>"; };
		1FCF2CE51B6CD57900991B97 /* VAPEnterprise.m */ = {isa = PBXFileReference; fileEncoding = 4; lastKnownFileType = sourcecode.c.objc; path = VAPEnterprise.m; sourceTree = "<group>"; };
		1FCF2CF31B6CD57900991B97 /* NSObject+VAPExtension.h */ = {isa = PBXFileReference; fileEncoding = 4; lastKnownFileType = sourcecode.c.h; path = "NSObject+VAPExtension.h"; sourceTree = "<group>"; };
		1FCF2CF41B6CD57900991B97 /* NSObject+VAPExtension.m */ = {isa = PBXFileReference; fileEncoding = 4; lastKnownFileType = sourcecode.c.objc; path = "NSObject+VAPExtension.m"; sourceTree = "<group>"; };
		1FCF2CF61B6CD57900991B97 /* VAPHuman.h */ = {isa = PBXFileReference; fileEncoding = 4; lastKnownFileType = sourcecode.c.h; path = VAPHuman.h; sourceTree = "<group>"; };
		1FCF2CF71B6CD57900991B97 /* VAPHuman.m */ = {isa = PBXFileReference; fileEncoding = 4; lastKnownFileType = sourcecode.c.objc; path = VAPHuman.m; sourceTree = "<group>"; };
		1FCF2CF91B6CD57900991B97 /* VAPMan.h */ = {isa = PBXFileReference; fileEncoding = 4; lastKnownFileType = sourcecode.c.h; path = VAPMan.h; sourceTree = "<group>"; };
		1FCF2CFA1B6CD57900991B97 /* VAPMan.m */ = {isa = PBXFileReference; fileEncoding = 4; lastKnownFileType = sourcecode.c.objc; path = VAPMan.m; sourceTree = "<group>"; };
		1FCF2CFC1B6CD57900991B97 /* VAPWoman.h */ = {isa = PBXFileReference; fileEncoding = 4; lastKnownFileType = sourcecode.c.h; path = VAPWoman.h; sourceTree = "<group>"; };
		1FCF2CFD1B6CD57A00991B97 /* VAPWoman.m */ = {isa = PBXFileReference; fileEncoding = 4; lastKnownFileType = sourcecode.c.objc; path = VAPWoman.m; sourceTree = "<group>"; };
		1FCF2D011B6CD57A00991B97 /* VAPCarwashTest.h */ = {isa = PBXFileReference; fileEncoding = 4; lastKnownFileType = sourcecode.c.h; path = VAPCarwashTest.h; sourceTree = "<group>"; };
		1FCF2D021B6CD57A00991B97 /* VAPCarwashTest.m */ = {isa = PBXFileReference; fileEncoding = 4; lastKnownFileType = sourcecode.c.objc; path = VAPCarwashTest.m; sourceTree = "<group>"; };
		1FCF2D031B6CD57A00991B97 /* VAPHumanTests.h */ = {isa = PBXFileReference; fileEncoding = 4; lastKnownFileType = sourcecode.c.h; path = VAPHumanTests.h; sourceTree = "<group>"; };
		1FCF2D041B6CD57A00991B97 /* VAPHumanTests.m */ = {isa = PBXFileReference; fileEncoding = 4; lastKnownFileType = sourcecode.c.objc; path = VAPHumanTests.m; sourceTree = "<group>"; };
		1FCF2D1D1B6D5B2100991B97 /* VAPCar.m */ = {isa = PBXFileReference; fileEncoding = 4; lastKnownFileType = sourcecode.c.objc; path = VAPCar.m; sourceTree = "<group>"; };
		1FCF2D1F1B6D5F5400991B97 /* main.m */ = {isa = PBXFileReference; fileEncoding = 4; lastKnownFileType = sourcecode.c.objc; path = main.m; sourceTree = "<group>"; };
		559524D9DC14A69C1D03146B /* Pods-VAPTestTarget.debug.xcconfig */ = {isa = PBXFileReference; includeInIndex = 1; lastKnownFileType = text.xcconfig; name = "Pods-VAPTestTarget.debug.xcconfig"; path = "Pods/Target Support Files/Pods-VAPTestTarget/Pods-VAPTestTarget.debug.xcconfig"; sourceTree = "<group>"; };
		88304C86DD4B11981FF0C8DC /* Pods-VAPTestTarget.release.xcconfig */ = {isa = PBXFileReference; includeInIndex = 1; lastKnownFileType = text.xcconfig; name = "Pods-VAPTestTarget.release.xcconfig"; path = "Pods/Target Support Files/Pods-VAPTestTarget/Pods-VAPTestTarget.release.xcconfig"; sourceTree = "<group>"; };
		E8F6050426F419E263DAA600 /* libPods-VAPTestTarget.a */ = {isa = PBXFileReference; explicitFileType = archive.ar; includeInIndex = 0; path = "libPods-VAPTestTarget.a"; sourceTree = BUILT_PRODUCTS_DIR; };
/* End PBXFileReference section */

/* Begin PBXFrameworksBuildPhase section */
		1F5474D71B4AA5DC00157DE1 /* Frameworks */ = {
			isa = PBXFrameworksBuildPhase;
			buildActionMask = 2147483647;
			files = (
			);
			runOnlyForDeploymentPostprocessing = 0;
		};
		1F89EE581B5FDEDF00CCF016 /* Frameworks */ = {
			isa = PBXFrameworksBuildPhase;
			buildActionMask = 2147483647;
			files = (
				C4426BC6DD4682EB4F22C624 /* libPods-VAPTestTarget.a in Frameworks */,
			);
			runOnlyForDeploymentPostprocessing = 0;
		};
/* End PBXFrameworksBuildPhase section */

/* Begin PBXGroup section */
		1F5474D11B4AA5DC00157DE1 = {
			isa = PBXGroup;
			children = (
				1F670B9F1B4BF71B003E17DB /* IDPStudyPlan */,
				1FCF2CC81B6CD57900991B97 /* VAPObjCCources */,
				1F89EE5C1B5FDEDF00CCF016 /* VAPTestTarget */,
				1F5474DB1B4AA5DC00157DE1 /* Products */,
				957BD7B93C00F801A9642269 /* Pods */,
				B7E1A13C1BCFADD3A1BEB814 /* Frameworks */,
			);
			sourceTree = "<group>";
		};
		1F5474DB1B4AA5DC00157DE1 /* Products */ = {
			isa = PBXGroup;
			children = (
				1F5474DA1B4AA5DC00157DE1 /* VAPObjCCources */,
				1F89EE5B1B5FDEDF00CCF016 /* VAPTestTarget.xctest */,
			);
			name = Products;
			sourceTree = "<group>";
		};
		1F89EE5C1B5FDEDF00CCF016 /* VAPTestTarget */ = {
			isa = PBXGroup;
			children = (
				1F89EE5F1B5FDEDF00CCF016 /* VAPTestTarget.m */,
				1F89EE5D1B5FDEDF00CCF016 /* Supporting Files */,
			);
			path = VAPTestTarget;
			sourceTree = "<group>";
		};
		1F89EE5D1B5FDEDF00CCF016 /* Supporting Files */ = {
			isa = PBXGroup;
			children = (
				1F89EE5E1B5FDEDF00CCF016 /* Info.plist */,
			);
			name = "Supporting Files";
			sourceTree = "<group>";
		};
		1FCF2CC81B6CD57900991B97 /* VAPObjCCources */ = {
			isa = PBXGroup;
			children = (
				1FCF2CC91B6CD57900991B97 /* Source */,
				1FCF2CFF1B6CD57A00991B97 /* Tests */,
			);
			path = VAPObjCCources;
			sourceTree = "<group>";
		};
		1FCF2CC91B6CD57900991B97 /* Source */ = {
			isa = PBXGroup;
			children = (
				1FCF2D1F1B6D5F5400991B97 /* main.m */,
				1FCF2CF21B6CD57900991B97 /* VAPCategories */,
				1FCF2CCA1B6CD57900991B97 /* CarwashFeature */,
				1FCF2CF51B6CD57900991B97 /* VAPHuman */,
			);
			path = Source;
			sourceTree = "<group>";
		};
		1FCF2CCA1B6CD57900991B97 /* CarwashFeature */ = {
			isa = PBXGroup;
			children = (
				1FCF2CD41B6CD57900991B97 /* VAPCar */,
				1FCF2CD71B6CD57900991B97 /* VAPEmployee */,
				1FCF2CE31B6CD57900991B97 /* VAPEnterprise */,
			);
			path = CarwashFeature;
			sourceTree = "<group>";
		};
		1FCF2CD41B6CD57900991B97 /* VAPCar */ = {
			isa = PBXGroup;
			children = (
				1FCF2CD51B6CD57900991B97 /* VAPCar.h */,
				1FCF2D1D1B6D5B2100991B97 /* VAPCar.m */,
			);
			path = VAPCar;
			sourceTree = "<group>";
		};
		1FCF2CD71B6CD57900991B97 /* VAPEmployee */ = {
			isa = PBXGroup;
			children = (
				1FCF2CD81B6CD57900991B97 /* VAPAccountant */,
				1FCF2CDB1B6CD57900991B97 /* VAPCarwasher */,
				1FCF2CDE1B6CD57900991B97 /* VAPDirector */,
				1FCF2CE11B6CD57900991B97 /* VAPEmployee.h */,
				1FCF2CE21B6CD57900991B97 /* VAPEmployee.m */,
			);
			path = VAPEmployee;
			sourceTree = "<group>";
		};
		1FCF2CD81B6CD57900991B97 /* VAPAccountant */ = {
			isa = PBXGroup;
			children = (
				1FCF2CD91B6CD57900991B97 /* VAPAccountant.h */,
				1FCF2CDA1B6CD57900991B97 /* VAPAccountant.m */,
			);
			path = VAPAccountant;
			sourceTree = "<group>";
		};
		1FCF2CDB1B6CD57900991B97 /* VAPCarwasher */ = {
			isa = PBXGroup;
			children = (
				1FCF2CDC1B6CD57900991B97 /* VAPCarwasher.h */,
				1FCF2CDD1B6CD57900991B97 /* VAPCarwasher.m */,
			);
			path = VAPCarwasher;
			sourceTree = "<group>";
		};
		1FCF2CDE1B6CD57900991B97 /* VAPDirector */ = {
			isa = PBXGroup;
			children = (
				1FCF2CDF1B6CD57900991B97 /* VAPDirector.h */,
				1FCF2CE01B6CD57900991B97 /* VAPDirector.m */,
			);
			path = VAPDirector;
			sourceTree = "<group>";
		};
		1FCF2CE31B6CD57900991B97 /* VAPEnterprise */ = {
			isa = PBXGroup;
			children = (
				1FCF2CE41B6CD57900991B97 /* VAPEnterprise.h */,
				1FCF2CE51B6CD57900991B97 /* VAPEnterprise.m */,
			);
			path = VAPEnterprise;
			sourceTree = "<group>";
		};
		1FCF2CF21B6CD57900991B97 /* VAPCategories */ = {
			isa = PBXGroup;
			children = (
				1FCF2CF31B6CD57900991B97 /* NSObject+VAPExtension.h */,
				1FCF2CF41B6CD57900991B97 /* NSObject+VAPExtension.m */,
			);
			path = VAPCategories;
			sourceTree = "<group>";
		};
		1FCF2CF51B6CD57900991B97 /* VAPHuman */ = {
			isa = PBXGroup;
			children = (
				1FCF2CF61B6CD57900991B97 /* VAPHuman.h */,
				1FCF2CF71B6CD57900991B97 /* VAPHuman.m */,
				1FCF2CF81B6CD57900991B97 /* VAPMan */,
				1FCF2CFB1B6CD57900991B97 /* VAPWoman */,
			);
			path = VAPHuman;
			sourceTree = "<group>";
		};
		1FCF2CF81B6CD57900991B97 /* VAPMan */ = {
			isa = PBXGroup;
			children = (
				1FCF2CF91B6CD57900991B97 /* VAPMan.h */,
				1FCF2CFA1B6CD57900991B97 /* VAPMan.m */,
			);
			path = VAPMan;
			sourceTree = "<group>";
		};
		1FCF2CFB1B6CD57900991B97 /* VAPWoman */ = {
			isa = PBXGroup;
			children = (
				1FCF2CFC1B6CD57900991B97 /* VAPWoman.h */,
				1FCF2CFD1B6CD57A00991B97 /* VAPWoman.m */,
			);
			path = VAPWoman;
			sourceTree = "<group>";
		};
		1FCF2CFF1B6CD57A00991B97 /* Tests */ = {
			isa = PBXGroup;
			children = (
				1FCF2D001B6CD57A00991B97 /* VAPCarwashTest */,
				1FCF2D031B6CD57A00991B97 /* VAPHumanTests.h */,
				1FCF2D041B6CD57A00991B97 /* VAPHumanTests.m */,
			);
			path = Tests;
			sourceTree = "<group>";
		};
		1FCF2D001B6CD57A00991B97 /* VAPCarwashTest */ = {
			isa = PBXGroup;
			children = (
				1FCF2D011B6CD57A00991B97 /* VAPCarwashTest.h */,
				1FCF2D021B6CD57A00991B97 /* VAPCarwashTest.m */,
			);
			path = VAPCarwashTest;
			sourceTree = "<group>";
		};
		957BD7B93C00F801A9642269 /* Pods */ = {
			isa = PBXGroup;
			children = (
				559524D9DC14A69C1D03146B /* Pods-VAPTestTarget.debug.xcconfig */,
				88304C86DD4B11981FF0C8DC /* Pods-VAPTestTarget.release.xcconfig */,
			);
			name = Pods;
			sourceTree = "<group>";
		};
		B7E1A13C1BCFADD3A1BEB814 /* Frameworks */ = {
			isa = PBXGroup;
			children = (
				E8F6050426F419E263DAA600 /* libPods-VAPTestTarget.a */,
			);
			name = Frameworks;
			sourceTree = "<group>";
		};
/* End PBXGroup section */

/* Begin PBXNativeTarget section */
		1F5474D91B4AA5DC00157DE1 /* VAPObjCCources */ = {
			isa = PBXNativeTarget;
			buildConfigurationList = 1F5474E11B4AA5DC00157DE1 /* Build configuration list for PBXNativeTarget "VAPObjCCources" */;
			buildPhases = (
				1F5474D61B4AA5DC00157DE1 /* Sources */,
				1F5474D71B4AA5DC00157DE1 /* Frameworks */,
				1F5474D81B4AA5DC00157DE1 /* CopyFiles */,
			);
			buildRules = (
			);
			dependencies = (
			);
			name = VAPObjCCources;
			productName = VAPObjCCources;
			productReference = 1F5474DA1B4AA5DC00157DE1 /* VAPObjCCources */;
			productType = "com.apple.product-type.tool";
		};
		1F89EE5A1B5FDEDF00CCF016 /* VAPTestTarget */ = {
			isa = PBXNativeTarget;
			buildConfigurationList = 1F89EE611B5FDEDF00CCF016 /* Build configuration list for PBXNativeTarget "VAPTestTarget" */;
			buildPhases = (
				F23D3318AF815263E38A39A2 /* Check Pods Manifest.lock */,
				1F89EE571B5FDEDF00CCF016 /* Sources */,
				1F89EE581B5FDEDF00CCF016 /* Frameworks */,
				1F89EE591B5FDEDF00CCF016 /* Resources */,
				961B91042B81398395C4C27F /* Copy Pods Resources */,
			);
			buildRules = (
			);
			dependencies = (
			);
			name = VAPTestTarget;
			productName = VAPTestTarget;
			productReference = 1F89EE5B1B5FDEDF00CCF016 /* VAPTestTarget.xctest */;
			productType = "com.apple.product-type.bundle.unit-test";
		};
/* End PBXNativeTarget section */

/* Begin PBXProject section */
		1F5474D21B4AA5DC00157DE1 /* Project object */ = {
			isa = PBXProject;
			attributes = {
				LastUpgradeCheck = 0640;
				ORGANIZATIONNAME = "Aleksandr Vasylchenko";
				TargetAttributes = {
					1F5474D91B4AA5DC00157DE1 = {
						CreatedOnToolsVersion = 6.4;
					};
					1F89EE5A1B5FDEDF00CCF016 = {
						CreatedOnToolsVersion = 6.4;
					};
				};
			};
			buildConfigurationList = 1F5474D51B4AA5DC00157DE1 /* Build configuration list for PBXProject "VAPObjCCources" */;
			compatibilityVersion = "Xcode 3.2";
			developmentRegion = English;
			hasScannedForEncodings = 0;
			knownRegions = (
				en,
			);
			mainGroup = 1F5474D11B4AA5DC00157DE1;
			productRefGroup = 1F5474DB1B4AA5DC00157DE1 /* Products */;
			projectDirPath = "";
			projectRoot = "";
			targets = (
				1F5474D91B4AA5DC00157DE1 /* VAPObjCCources */,
				1F89EE5A1B5FDEDF00CCF016 /* VAPTestTarget */,
			);
		};
/* End PBXProject section */

/* Begin PBXResourcesBuildPhase section */
		1F89EE591B5FDEDF00CCF016 /* Resources */ = {
			isa = PBXResourcesBuildPhase;
			buildActionMask = 2147483647;
			files = (
			);
			runOnlyForDeploymentPostprocessing = 0;
		};
/* End PBXResourcesBuildPhase section */

/* Begin PBXShellScriptBuildPhase section */
		961B91042B81398395C4C27F /* Copy Pods Resources */ = {
			isa = PBXShellScriptBuildPhase;
			buildActionMask = 2147483647;
			files = (
			);
			inputPaths = (
			);
			name = "Copy Pods Resources";
			outputPaths = (
			);
			runOnlyForDeploymentPostprocessing = 0;
			shellPath = /bin/sh;
			shellScript = "\"${SRCROOT}/Pods/Target Support Files/Pods-VAPTestTarget/Pods-VAPTestTarget-resources.sh\"\n";
			showEnvVarsInLog = 0;
		};
		F23D3318AF815263E38A39A2 /* Check Pods Manifest.lock */ = {
			isa = PBXShellScriptBuildPhase;
			buildActionMask = 2147483647;
			files = (
			);
			inputPaths = (
			);
			name = "Check Pods Manifest.lock";
			outputPaths = (
			);
			runOnlyForDeploymentPostprocessing = 0;
			shellPath = /bin/sh;
			shellScript = "diff \"${PODS_ROOT}/../Podfile.lock\" \"${PODS_ROOT}/Manifest.lock\" > /dev/null\nif [[ $? != 0 ]] ; then\n    cat << EOM\nerror: The sandbox is not in sync with the Podfile.lock. Run 'pod install' or update your CocoaPods installation.\nEOM\n    exit 1\nfi\n";
			showEnvVarsInLog = 0;
		};
/* End PBXShellScriptBuildPhase section */

/* Begin PBXSourcesBuildPhase section */
		1F5474D61B4AA5DC00157DE1 /* Sources */ = {
			isa = PBXSourcesBuildPhase;
			buildActionMask = 2147483647;
			files = (
				1FCF2D1E1B6D5B2100991B97 /* VAPCar.m in Sources */,
				1FCF2D111B6CD57A00991B97 /* NSObject+VAPExtension.m in Sources */,
				1FCF2D121B6CD57A00991B97 /* VAPHuman.m in Sources */,
				1FCF2D161B6CD57A00991B97 /* VAPHumanTests.m in Sources */,
				1FCF2D091B6CD57A00991B97 /* VAPAccountant.m in Sources */,
				1FCF2D0A1B6CD57A00991B97 /* VAPCarwasher.m in Sources */,
				1FCF2D151B6CD57A00991B97 /* VAPCarwashTest.m in Sources */,
				1FCF2D0D1B6CD57A00991B97 /* VAPEnterprise.m in Sources */,
				1FCF2D0B1B6CD57A00991B97 /* VAPDirector.m in Sources */,
				1FCF2D131B6CD57A00991B97 /* VAPMan.m in Sources */,
				1FCF2D141B6CD57A00991B97 /* VAPWoman.m in Sources */,
				1FCF2D201B6D5F5400991B97 /* main.m in Sources */,
				1FCF2D0C1B6CD57A00991B97 /* VAPEmployee.m in Sources */,
			);
			runOnlyForDeploymentPostprocessing = 0;
		};
		1F89EE571B5FDEDF00CCF016 /* Sources */ = {
			isa = PBXSourcesBuildPhase;
			buildActionMask = 2147483647;
			files = (
				1FD7E1C71B6EB2CC00D18D28 /* NSObject+VAPExtension.m in Sources */,
				1FD7E1C21B6EB03000D18D28 /* VAPEmployee.m in Sources */,
				1FD7E1C11B6EB02700D18D28 /* VAPEnterprise.m in Sources */,
				1FD7E1C41B6EB03600D18D28 /* VAPCarwasher.m in Sources */,
				1FD7E1C61B6EB03E00D18D28 /* VAPCar.m in Sources */,
				1F89EE601B5FDEDF00CCF016 /* VAPTestTarget.m in Sources */,
				1FD7E1C31B6EB03300D18D28 /* VAPDirector.m in Sources */,
				1FD7E1C51B6EB03900D18D28 /* VAPAccountant.m in Sources */,
			);
			runOnlyForDeploymentPostprocessing = 0;
		};
/* End PBXSourcesBuildPhase section */

/* Begin XCBuildConfiguration section */
		1F5474DF1B4AA5DC00157DE1 /* Debug */ = {
			isa = XCBuildConfiguration;
			buildSettings = {
				ALWAYS_SEARCH_USER_PATHS = NO;
				CLANG_CXX_LANGUAGE_STANDARD = "gnu++0x";
				CLANG_CXX_LIBRARY = "libc++";
				CLANG_ENABLE_MODULES = YES;
				CLANG_ENABLE_OBJC_ARC = YES;
				CLANG_WARN_BOOL_CONVERSION = YES;
				CLANG_WARN_CONSTANT_CONVERSION = YES;
				CLANG_WARN_DIRECT_OBJC_ISA_USAGE = YES_ERROR;
				CLANG_WARN_EMPTY_BODY = YES;
				CLANG_WARN_ENUM_CONVERSION = YES;
				CLANG_WARN_INT_CONVERSION = YES;
				CLANG_WARN_OBJC_ROOT_CLASS = YES_ERROR;
				CLANG_WARN_UNREACHABLE_CODE = YES;
				CLANG_WARN__DUPLICATE_METHOD_MATCH = YES;
				COPY_PHASE_STRIP = NO;
				DEBUG_INFORMATION_FORMAT = dwarf;
				ENABLE_STRICT_OBJC_MSGSEND = YES;
				GCC_C_LANGUAGE_STANDARD = gnu99;
				GCC_DYNAMIC_NO_PIC = NO;
				GCC_NO_COMMON_BLOCKS = YES;
				GCC_OPTIMIZATION_LEVEL = 0;
				GCC_PREPROCESSOR_DEFINITIONS = (
					"DEBUG=1",
					"$(inherited)",
				);
				GCC_SYMBOLS_PRIVATE_EXTERN = NO;
				GCC_WARN_64_TO_32_BIT_CONVERSION = YES;
				GCC_WARN_ABOUT_RETURN_TYPE = YES_ERROR;
				GCC_WARN_UNDECLARED_SELECTOR = YES;
				GCC_WARN_UNINITIALIZED_AUTOS = YES_AGGRESSIVE;
				GCC_WARN_UNUSED_FUNCTION = YES;
				GCC_WARN_UNUSED_VARIABLE = YES;
				MACOSX_DEPLOYMENT_TARGET = 10.10;
				MTL_ENABLE_DEBUG_INFO = YES;
				ONLY_ACTIVE_ARCH = YES;
				SDKROOT = macosx;
			};
			name = Debug;
		};
		1F5474E01B4AA5DC00157DE1 /* Release */ = {
			isa = XCBuildConfiguration;
			buildSettings = {
				ALWAYS_SEARCH_USER_PATHS = NO;
				CLANG_CXX_LANGUAGE_STANDARD = "gnu++0x";
				CLANG_CXX_LIBRARY = "libc++";
				CLANG_ENABLE_MODULES = YES;
				CLANG_ENABLE_OBJC_ARC = YES;
				CLANG_WARN_BOOL_CONVERSION = YES;
				CLANG_WARN_CONSTANT_CONVERSION = YES;
				CLANG_WARN_DIRECT_OBJC_ISA_USAGE = YES_ERROR;
				CLANG_WARN_EMPTY_BODY = YES;
				CLANG_WARN_ENUM_CONVERSION = YES;
				CLANG_WARN_INT_CONVERSION = YES;
				CLANG_WARN_OBJC_ROOT_CLASS = YES_ERROR;
				CLANG_WARN_UNREACHABLE_CODE = YES;
				CLANG_WARN__DUPLICATE_METHOD_MATCH = YES;
				COPY_PHASE_STRIP = NO;
				DEBUG_INFORMATION_FORMAT = "dwarf-with-dsym";
				ENABLE_NS_ASSERTIONS = NO;
				ENABLE_STRICT_OBJC_MSGSEND = YES;
				GCC_C_LANGUAGE_STANDARD = gnu99;
				GCC_NO_COMMON_BLOCKS = YES;
				GCC_WARN_64_TO_32_BIT_CONVERSION = YES;
				GCC_WARN_ABOUT_RETURN_TYPE = YES_ERROR;
				GCC_WARN_UNDECLARED_SELECTOR = YES;
				GCC_WARN_UNINITIALIZED_AUTOS = YES_AGGRESSIVE;
				GCC_WARN_UNUSED_FUNCTION = YES;
				GCC_WARN_UNUSED_VARIABLE = YES;
				MACOSX_DEPLOYMENT_TARGET = 10.10;
				MTL_ENABLE_DEBUG_INFO = NO;
				SDKROOT = macosx;
			};
			name = Release;
		};
		1F5474E21B4AA5DC00157DE1 /* Debug */ = {
			isa = XCBuildConfiguration;
			buildSettings = {
				CLANG_ENABLE_OBJC_ARC = NO;
				PRODUCT_NAME = "$(TARGET_NAME)";
			};
			name = Debug;
		};
		1F5474E31B4AA5DC00157DE1 /* Release */ = {
			isa = XCBuildConfiguration;
			buildSettings = {
				CLANG_ENABLE_OBJC_ARC = NO;
				PRODUCT_NAME = "$(TARGET_NAME)";
			};
			name = Release;
		};
		1F89EE621B5FDEDF00CCF016 /* Debug */ = {
			isa = XCBuildConfiguration;
			baseConfigurationReference = 559524D9DC14A69C1D03146B /* Pods-VAPTestTarget.debug.xcconfig */;
			buildSettings = {
				COMBINE_HIDPI_IMAGES = YES;
				FRAMEWORK_SEARCH_PATHS = (
					"$(DEVELOPER_FRAMEWORKS_DIR)",
					"$(inherited)",
				);
				GCC_PREPROCESSOR_DEFINITIONS = (
					"DEBUG=1",
					"$(inherited)",
				);
				INFOPLIST_FILE = VAPTestTarget/Info.plist;
				LD_RUNPATH_SEARCH_PATHS = "$(inherited) @executable_path/../Frameworks @loader_path/../Frameworks";
				PRODUCT_NAME = "$(TARGET_NAME)";
			};
			name = Debug;
		};
		1F89EE631B5FDEDF00CCF016 /* Release */ = {
			isa = XCBuildConfiguration;
			baseConfigurationReference = 88304C86DD4B11981FF0C8DC /* Pods-VAPTestTarget.release.xcconfig */;
			buildSettings = {
				COMBINE_HIDPI_IMAGES = YES;
				FRAMEWORK_SEARCH_PATHS = (
					"$(DEVELOPER_FRAMEWORKS_DIR)",
					"$(inherited)",
				);
				INFOPLIST_FILE = VAPTestTarget/Info.plist;
				LD_RUNPATH_SEARCH_PATHS = "$(inherited) @executable_path/../Frameworks @loader_path/../Frameworks";
				PRODUCT_NAME = "$(TARGET_NAME)";
			};
			name = Release;
		};
/* End XCBuildConfiguration section */

/* Begin XCConfigurationList section */
		1F5474D51B4AA5DC00157DE1 /* Build configuration list for PBXProject "VAPObjCCources" */ = {
			isa = XCConfigurationList;
			buildConfigurations = (
				1F5474DF1B4AA5DC00157DE1 /* Debug */,
				1F5474E01B4AA5DC00157DE1 /* Release */,
			);
			defaultConfigurationIsVisible = 0;
			defaultConfigurationName = Release;
		};
		1F5474E11B4AA5DC00157DE1 /* Build configuration list for PBXNativeTarget "VAPObjCCources" */ = {
			isa = XCConfigurationList;
			buildConfigurations = (
				1F5474E21B4AA5DC00157DE1 /* Debug */,
				1F5474E31B4AA5DC00157DE1 /* Release */,
			);
			defaultConfigurationIsVisible = 0;
			defaultConfigurationName = Release;
		};
		1F89EE611B5FDEDF00CCF016 /* Build configuration list for PBXNativeTarget "VAPTestTarget" */ = {
			isa = XCConfigurationList;
			buildConfigurations = (
				1F89EE621B5FDEDF00CCF016 /* Debug */,
				1F89EE631B5FDEDF00CCF016 /* Release */,
			);
			defaultConfigurationIsVisible = 0;
			defaultConfigurationName = Release;
		};
/* End XCConfigurationList section */
	};
	rootObject = 1F5474D21B4AA5DC00157DE1 /* Project object */;
}
